
Microsoft Visual Studio Solution File, Format Version 12.00
# Visual Studio 2013
VisualStudioVersion = 12.0.30723.0
MinimumVisualStudioVersion = 10.0.40219.1
Project("{8BC9CEB8-8B4A-11D0-8D11-00A0C91BC942}") = "pbclib", "projects\pbclib.vcxproj", "{FB108CA8-CBA9-4CC3-8FC5-CB2BB5C224B3}"
EndProject
Project("{8BC9CEB8-8B4A-11D0-8D11-00A0C91BC942}") = "pbc", "projects\pbc\pbc.vcxproj", "{F140411F-B2CB-4EC5-A5E3-A9C419160412}"
	ProjectSection(ProjectDependencies) = postProject
		{FB108CA8-CBA9-4CC3-8FC5-CB2BB5C224B3} = {FB108CA8-CBA9-4CC3-8FC5-CB2BB5C224B3}
	EndProjectSection
EndProject
Project("{2150E333-8FDC-42A3-9474-1A3956D46DE8}") = "Executables", "Executables", "{8BB01C8A-CE84-4AB3-9E36-3ECB73D26583}"
EndProject
Project("{2150E333-8FDC-42A3-9474-1A3956D46DE8}") = "Examples", "Examples", "{C6FC8292-4113-4C96-837D-BEBECE663687}"
EndProject
Project("{2150E333-8FDC-42A3-9474-1A3956D46DE8}") = "Benchmarks", "Benchmarks", "{0CDAD1E1-E475-4076-BFA8-185C81787A0D}"
EndProject
Project("{2150E333-8FDC-42A3-9474-1A3956D46DE8}") = "Generators", "Generators", "{92847B71-11A1-44D4-9B1B-A40E10B61215}"
EndProject
Project("{8BC9CEB8-8B4A-11D0-8D11-00A0C91BC942}") = "bls", "projects\example\bls.vcxproj", "{EAE23203-F219-4D79-B873-B68F6BACCD09}"
	ProjectSection(ProjectDependencies) = postProject
		{FB108CA8-CBA9-4CC3-8FC5-CB2BB5C224B3} = {FB108CA8-CBA9-4CC3-8FC5-CB2BB5C224B3}
	EndProjectSection
EndProject
Project("{8BC9CEB8-8B4A-11D0-8D11-00A0C91BC942}") = "joux", "projects\example\joux.vcxproj", "{2841F13C-07C5-429D-AA08-6E9629BA9772}"
	ProjectSection(ProjectDependencies) = postProject
		{FB108CA8-CBA9-4CC3-8FC5-CB2BB5C224B3} = {FB108CA8-CBA9-4CC3-8FC5-CB2BB5C224B3}
	EndProjectSection
EndProject
Project("{8BC9CEB8-8B4A-11D0-8D11-00A0C91BC942}") = "zhangkim", "projects\example\zhangkim.vcxproj", "{E7D5F2E4-3F17-4D95-B1F1-3F7F2C81F5E3}"
	ProjectSection(ProjectDependencies) = postProject
		{FB108CA8-CBA9-4CC3-8FC5-CB2BB5C224B3} = {FB108CA8-CBA9-4CC3-8FC5-CB2BB5C224B3}
	EndProjectSection
EndProject
Project("{8BC9CEB8-8B4A-11D0-8D11-00A0C91BC942}") = "yuanli", "projects\example\yuanli.vcxproj", "{706D3533-FC24-4C76-9729-68265223E1BF}"
	ProjectSection(ProjectDependencies) = postProject
		{FB108CA8-CBA9-4CC3-8FC5-CB2BB5C224B3} = {FB108CA8-CBA9-4CC3-8FC5-CB2BB5C224B3}
	EndProjectSection
EndProject
Project("{8BC9CEB8-8B4A-11D0-8D11-00A0C91BC942}") = "genaparam", "projects\gen\genaparam.vcxproj", "{079151F1-34C8-48F4-AF01-D34D473F1A49}"
	ProjectSection(ProjectDependencies) = postProject
		{FB108CA8-CBA9-4CC3-8FC5-CB2BB5C224B3} = {FB108CA8-CBA9-4CC3-8FC5-CB2BB5C224B3}
	EndProjectSection
EndProject
Project("{8BC9CEB8-8B4A-11D0-8D11-00A0C91BC942}") = "gena1param", "projects\gen\gena1param.vcxproj", "{4E9548EE-C171-4F2D-BEB3-2097F07970BB}"
	ProjectSection(ProjectDependencies) = postProject
		{FB108CA8-CBA9-4CC3-8FC5-CB2BB5C224B3} = {FB108CA8-CBA9-4CC3-8FC5-CB2BB5C224B3}
	EndProjectSection
EndProject
Project("{8BC9CEB8-8B4A-11D0-8D11-00A0C91BC942}") = "gendparam", "projects\gen\gendparam.vcxproj", "{1FB7AB1A-E703-43AB-8CA8-8DD13F0A47DF}"
	ProjectSection(ProjectDependencies) = postProject
		{FB108CA8-CBA9-4CC3-8FC5-CB2BB5C224B3} = {FB108CA8-CBA9-4CC3-8FC5-CB2BB5C224B3}
	EndProjectSection
EndProject
Project("{8BC9CEB8-8B4A-11D0-8D11-00A0C91BC942}") = "geneparam", "projects\gen\geneparam.vcxproj", "{6A466EA1-A708-4935-8C85-D08AC484C748}"
	ProjectSection(ProjectDependencies) = postProject
		{FB108CA8-CBA9-4CC3-8FC5-CB2BB5C224B3} = {FB108CA8-CBA9-4CC3-8FC5-CB2BB5C224B3}
	EndProjectSection
EndProject
Project("{8BC9CEB8-8B4A-11D0-8D11-00A0C91BC942}") = "genfparam", "projects\gen\genfparam.vcxproj", "{9653F02D-1B23-410B-AD8D-9BD1FF8C0F72}"
	ProjectSection(ProjectDependencies) = postProject
		{FB108CA8-CBA9-4CC3-8FC5-CB2BB5C224B3} = {FB108CA8-CBA9-4CC3-8FC5-CB2BB5C224B3}
	EndProjectSection
EndProject
Project("{8BC9CEB8-8B4A-11D0-8D11-00A0C91BC942}") = "gengparam", "projects\gen\gengparam.vcxproj", "{4D40EC11-0AEB-4792-BBCE-BA11E50F3D1A}"
	ProjectSection(ProjectDependencies) = postProject
		{FB108CA8-CBA9-4CC3-8FC5-CB2BB5C224B3} = {FB108CA8-CBA9-4CC3-8FC5-CB2BB5C224B3}
	EndProjectSection
EndProject
Project("{8BC9CEB8-8B4A-11D0-8D11-00A0C91BC942}") = "hilbertpoly", "projects\gen\hilbertpoly.vcxproj", "{0EFC7F4E-0184-48C1-91D1-25B107FD60F1}"
	ProjectSection(ProjectDependencies) = postProject
		{FB108CA8-CBA9-4CC3-8FC5-CB2BB5C224B3} = {FB108CA8-CBA9-4CC3-8FC5-CB2BB5C224B3}
	EndProjectSection
EndProject
Project("{8BC9CEB8-8B4A-11D0-8D11-00A0C91BC942}") = "listfreeman", "projects\gen\listfreeman.vcxproj", "{7B79E579-7F07-4EF9-823C-7A030D23BDCD}"
	ProjectSection(ProjectDependencies) = postProject
		{FB108CA8-CBA9-4CC3-8FC5-CB2BB5C224B3} = {FB108CA8-CBA9-4CC3-8FC5-CB2BB5C224B3}
	EndProjectSection
EndProject
Project("{8BC9CEB8-8B4A-11D0-8D11-00A0C91BC942}") = "listmnt", "projects\gen\listmnt.vcxproj", "{092D986F-B4BC-480B-850F-6B90CB244134}"
	ProjectSection(ProjectDependencies) = postProject
		{FB108CA8-CBA9-4CC3-8FC5-CB2BB5C224B3} = {FB108CA8-CBA9-4CC3-8FC5-CB2BB5C224B3}
	EndProjectSection
EndProject
Project("{2150E333-8FDC-42A3-9474-1A3956D46DE8}") = "Core", "Core", "{743E804D-15B6-4584-8642-784BC9018C65}"
EndProject
Project("{8BC9CEB8-8B4A-11D0-8D11-00A0C91BC942}") = "hess", "projects\example\hess.vcxproj", "{D128FE7D-D440-4BD7-84DA-EABD1C8F242A}"
	ProjectSection(ProjectDependencies) = postProject
		{FB108CA8-CBA9-4CC3-8FC5-CB2BB5C224B3} = {FB108CA8-CBA9-4CC3-8FC5-CB2BB5C224B3}
	EndProjectSection
EndProject
Project("{8BC9CEB8-8B4A-11D0-8D11-00A0C91BC942}") = "paterson", "projects\example\paterson.vcxproj", "{DE57C549-7FB6-4B48-8A63-FF94F7B969E6}"
	ProjectSection(ProjectDependencies) = postProject
		{FB108CA8-CBA9-4CC3-8FC5-CB2BB5C224B3} = {FB108CA8-CBA9-4CC3-8FC5-CB2BB5C224B3}
	EndProjectSection
EndProject
Project("{8BC9CEB8-8B4A-11D0-8D11-00A0C91BC942}") = "zss", "projects\example\zss.vcxproj", "{E385FB5C-2EE1-46CC-9E09-AE1D24F48FF0}"
	ProjectSection(ProjectDependencies) = postProject
		{FB108CA8-CBA9-4CC3-8FC5-CB2BB5C224B3} = {FB108CA8-CBA9-4CC3-8FC5-CB2BB5C224B3}
	EndProjectSection
EndProject
Project("{8BC9CEB8-8B4A-11D0-8D11-00A0C91BC942}") = "benchmark", "projects\benchmark\benchmark.vcxproj", "{B9063325-F182-43D4-B72A-526D0F75F72C}"
	ProjectSection(ProjectDependencies) = postProject
		{FB108CA8-CBA9-4CC3-8FC5-CB2BB5C224B3} = {FB108CA8-CBA9-4CC3-8FC5-CB2BB5C224B3}
	EndProjectSection
EndProject
Project("{8BC9CEB8-8B4A-11D0-8D11-00A0C91BC942}") = "ellnet", "projects\benchmark\ellnet.vcxproj", "{B24386F4-993D-4568-9064-9BE95BCFD5FE}"
	ProjectSection(ProjectDependencies) = postProject
		{FB108CA8-CBA9-4CC3-8FC5-CB2BB5C224B3} = {FB108CA8-CBA9-4CC3-8FC5-CB2BB5C224B3}
	EndProjectSection
EndProject
Project("{8BC9CEB8-8B4A-11D0-8D11-00A0C91BC942}") = "multipairing", "projects\benchmark\multipairing.vcxproj", "{0B5B3441-6443-497D-A207-EB0DAEC43161}"
	ProjectSection(ProjectDependencies) = postProject
		{FB108CA8-CBA9-4CC3-8FC5-CB2BB5C224B3} = {FB108CA8-CBA9-4CC3-8FC5-CB2BB5C224B3}
	EndProjectSection
EndProject
Project("{8BC9CEB8-8B4A-11D0-8D11-00A0C91BC942}") = "timersa", "projects\benchmark\timersa.vcxproj", "{68C7909A-B7E1-4C44-9633-958152ED6ACE}"
	ProjectSection(ProjectDependencies) = postProject
		{FB108CA8-CBA9-4CC3-8FC5-CB2BB5C224B3} = {FB108CA8-CBA9-4CC3-8FC5-CB2BB5C224B3}
	EndProjectSection
EndProject
Project("{2150E333-8FDC-42A3-9474-1A3956D46DE8}") = "Tests", "Tests", "{1CD5A40B-D1F6-46DA-9915-65FC734CDF99}"
EndProject
Project("{8BC9CEB8-8B4A-11D0-8D11-00A0C91BC942}") = "checkfp", "projects\guru\checkfp.vcxproj", "{BFDE2B4F-0D67-4446-A576-EC6DA956D075}"
	ProjectSection(ProjectDependencies) = postProject
		{FB108CA8-CBA9-4CC3-8FC5-CB2BB5C224B3} = {FB108CA8-CBA9-4CC3-8FC5-CB2BB5C224B3}
	EndProjectSection
EndProject
Project("{8BC9CEB8-8B4A-11D0-8D11-00A0C91BC942}") = "19", "projects\guru\19.vcxproj", "{88B2C909-5E42-460C-829D-55D99809520D}"
	ProjectSection(ProjectDependencies) = postProject
		{FB108CA8-CBA9-4CC3-8FC5-CB2BB5C224B3} = {FB108CA8-CBA9-4CC3-8FC5-CB2BB5C224B3}
	EndProjectSection
EndProject
Project("{8BC9CEB8-8B4A-11D0-8D11-00A0C91BC942}") = "59", "projects\guru\59.vcxproj", "{02982965-1D9C-4015-B96B-CF46B5DF78F9}"
	ProjectSection(ProjectDependencies) = postProject
		{FB108CA8-CBA9-4CC3-8FC5-CB2BB5C224B3} = {FB108CA8-CBA9-4CC3-8FC5-CB2BB5C224B3}
	EndProjectSection
EndProject
Project("{8BC9CEB8-8B4A-11D0-8D11-00A0C91BC942}") = "eta_T_3_test", "projects\guru\eta_T_3_test.vcxproj", "{B394BB08-9A91-4E4D-BBA6-C173B35FF7E1}"
	ProjectSection(ProjectDependencies) = postProject
		{FB108CA8-CBA9-4CC3-8FC5-CB2BB5C224B3} = {FB108CA8-CBA9-4CC3-8FC5-CB2BB5C224B3}
	EndProjectSection
EndProject
Project("{8BC9CEB8-8B4A-11D0-8D11-00A0C91BC942}") = "exp_test", "projects\guru\exp_test.vcxproj", "{8CF6C370-6A7A-4738-B950-675C00F8D1A5}"
	ProjectSection(ProjectDependencies) = postProject
		{FB108CA8-CBA9-4CC3-8FC5-CB2BB5C224B3} = {FB108CA8-CBA9-4CC3-8FC5-CB2BB5C224B3}
	EndProjectSection
EndProject
Project("{8BC9CEB8-8B4A-11D0-8D11-00A0C91BC942}") = "fp_test", "projects\guru\fp_test.vcxproj", "{B5FD3DEF-D5B8-4574-9DD2-2371FEFB9AF2}"
	ProjectSection(ProjectDependencies) = postProject
		{FB108CA8-CBA9-4CC3-8FC5-CB2BB5C224B3} = {FB108CA8-CBA9-4CC3-8FC5-CB2BB5C224B3}
	EndProjectSection
EndProject
Project("{8BC9CEB8-8B4A-11D0-8D11-00A0C91BC942}") = "param_parse_test", "projects\guru\param_parse_test.vcxproj", "{7FA49AC7-54D7-4909-822C-EF7475EF5B5B}"
	ProjectSection(ProjectDependencies) = postProject
		{FB108CA8-CBA9-4CC3-8FC5-CB2BB5C224B3} = {FB108CA8-CBA9-4CC3-8FC5-CB2BB5C224B3}
	EndProjectSection
EndProject
Project("{8BC9CEB8-8B4A-11D0-8D11-00A0C91BC942}") = "poly_test", "projects\guru\poly_test.vcxproj", "{CF19152A-79FC-4800-A56C-AFFB3F846672}"
	ProjectSection(ProjectDependencies) = postProject
		{FB108CA8-CBA9-4CC3-8FC5-CB2BB5C224B3} = {FB108CA8-CBA9-4CC3-8FC5-CB2BB5C224B3}
	EndProjectSection
EndProject
Project("{8BC9CEB8-8B4A-11D0-8D11-00A0C91BC942}") = "prodpairing_test", "projects\guru\prodpairing_test.vcxproj", "{538A1A04-513B-43E4-B7C7-8AABBA4E4916}"
	ProjectSection(ProjectDependencies) = postProject
		{FB108CA8-CBA9-4CC3-8FC5-CB2BB5C224B3} = {FB108CA8-CBA9-4CC3-8FC5-CB2BB5C224B3}
	EndProjectSection
EndProject
Project("{8BC9CEB8-8B4A-11D0-8D11-00A0C91BC942}") = "quadratic_test", "projects\guru\quadratic_test.vcxproj", "{6A836646-8259-47FD-8705-40F26B275E15}"
	ProjectSection(ProjectDependencies) = postProject
		{FB108CA8-CBA9-4CC3-8FC5-CB2BB5C224B3} = {FB108CA8-CBA9-4CC3-8FC5-CB2BB5C224B3}
	EndProjectSection
EndProject
Project("{8BC9CEB8-8B4A-11D0-8D11-00A0C91BC942}") = "sing", "projects\guru\sing.vcxproj", "{A53510C9-5FC6-44C2-B82C-C6B1AD2367BF}"
	ProjectSection(ProjectDependencies) = postProject
		{FB108CA8-CBA9-4CC3-8FC5-CB2BB5C224B3} = {FB108CA8-CBA9-4CC3-8FC5-CB2BB5C224B3}
	EndProjectSection
EndProject
Project("{8BC9CEB8-8B4A-11D0-8D11-00A0C91BC942}") = "ternary_extension_field_test", "projects\guru\ternary_extension_field_test.vcxproj", "{FF9C6464-7DA0-4235-BA95-35028E0B9C3B}"
	ProjectSection(ProjectDependencies) = postProject
		{FB108CA8-CBA9-4CC3-8FC5-CB2BB5C224B3} = {FB108CA8-CBA9-4CC3-8FC5-CB2BB5C224B3}
	EndProjectSection
EndProject
Project("{8BC9CEB8-8B4A-11D0-8D11-00A0C91BC942}") = "timefp", "projects\guru\timefp.vcxproj", "{28EFAC5F-0CF0-484A-8F87-08C63EF145CD}"
	ProjectSection(ProjectDependencies) = postProject
		{FB108CA8-CBA9-4CC3-8FC5-CB2BB5C224B3} = {FB108CA8-CBA9-4CC3-8FC5-CB2BB5C224B3}
	EndProjectSection
EndProject
Global
	GlobalSection(SolutionConfigurationPlatforms) = preSolution
		Debug DLL|Win32 = Debug DLL|Win32
		Debug DLL|x64 = Debug DLL|x64
		Debug|Win32 = Debug|Win32
		Debug|x64 = Debug|x64
		Release DLL|Win32 = Release DLL|Win32
		Release DLL|x64 = Release DLL|x64
		Release|Win32 = Release|Win32
		Release|x64 = Release|x64
	EndGlobalSection
	GlobalSection(ProjectConfigurationPlatforms) = postSolution
		{FB108CA8-CBA9-4CC3-8FC5-CB2BB5C224B3}.Debug DLL|Win32.ActiveCfg = Debug DLL|Win32
		{FB108CA8-CBA9-4CC3-8FC5-CB2BB5C224B3}.Debug DLL|Win32.Build.0 = Debug DLL|Win32
		{FB108CA8-CBA9-4CC3-8FC5-CB2BB5C224B3}.Debug DLL|x64.ActiveCfg = Debug DLL|x64
		{FB108CA8-CBA9-4CC3-8FC5-CB2BB5C224B3}.Debug DLL|x64.Build.0 = Debug DLL|x64
		{FB108CA8-CBA9-4CC3-8FC5-CB2BB5C224B3}.Debug|Win32.ActiveCfg = Debug|Win32
		{FB108CA8-CBA9-4CC3-8FC5-CB2BB5C224B3}.Debug|Win32.Build.0 = Debug|Win32
		{FB108CA8-CBA9-4CC3-8FC5-CB2BB5C224B3}.Debug|x64.ActiveCfg = Debug|x64
		{FB108CA8-CBA9-4CC3-8FC5-CB2BB5C224B3}.Debug|x64.Build.0 = Debug|x64
		{FB108CA8-CBA9-4CC3-8FC5-CB2BB5C224B3}.Release DLL|Win32.ActiveCfg = Release DLL|Win32
		{FB108CA8-CBA9-4CC3-8FC5-CB2BB5C224B3}.Release DLL|Win32.Build.0 = Release DLL|Win32
		{FB108CA8-CBA9-4CC3-8FC5-CB2BB5C224B3}.Release DLL|x64.ActiveCfg = Release DLL|x64
		{FB108CA8-CBA9-4CC3-8FC5-CB2BB5C224B3}.Release DLL|x64.Build.0 = Release DLL|x64
		{FB108CA8-CBA9-4CC3-8FC5-CB2BB5C224B3}.Release|Win32.ActiveCfg = Release|Win32
		{FB108CA8-CBA9-4CC3-8FC5-CB2BB5C224B3}.Release|Win32.Build.0 = Release|Win32
		{FB108CA8-CBA9-4CC3-8FC5-CB2BB5C224B3}.Release|x64.ActiveCfg = Release|x64
		{FB108CA8-CBA9-4CC3-8FC5-CB2BB5C224B3}.Release|x64.Build.0 = Release|x64
		{F140411F-B2CB-4EC5-A5E3-A9C419160412}.Debug DLL|Win32.ActiveCfg = Debug|Win32
		{F140411F-B2CB-4EC5-A5E3-A9C419160412}.Debug DLL|x64.ActiveCfg = Debug|x64
		{F140411F-B2CB-4EC5-A5E3-A9C419160412}.Debug|Win32.ActiveCfg = Debug|Win32
		{F140411F-B2CB-4EC5-A5E3-A9C419160412}.Debug|Win32.Build.0 = Debug|Win32
		{F140411F-B2CB-4EC5-A5E3-A9C419160412}.Debug|x64.ActiveCfg = Debug|x64
		{F140411F-B2CB-4EC5-A5E3-A9C419160412}.Debug|x64.Build.0 = Debug|x64
		{F140411F-B2CB-4EC5-A5E3-A9C419160412}.Release DLL|Win32.ActiveCfg = Release|Win32
		{F140411F-B2CB-4EC5-A5E3-A9C419160412}.Release DLL|x64.ActiveCfg = Release|x64
		{F140411F-B2CB-4EC5-A5E3-A9C419160412}.Release|Win32.ActiveCfg = Release|Win32
		{F140411F-B2CB-4EC5-A5E3-A9C419160412}.Release|Win32.Build.0 = Release|Win32
		{F140411F-B2CB-4EC5-A5E3-A9C419160412}.Release|x64.ActiveCfg = Release|x64
		{F140411F-B2CB-4EC5-A5E3-A9C419160412}.Release|x64.Build.0 = Release|x64
		{EAE23203-F219-4D79-B873-B68F6BACCD09}.Debug DLL|Win32.ActiveCfg = Debug|Win32
		{EAE23203-F219-4D79-B873-B68F6BACCD09}.Debug DLL|x64.ActiveCfg = Debug|x64
		{EAE23203-F219-4D79-B873-B68F6BACCD09}.Debug|Win32.ActiveCfg = Debug|Win32
		{EAE23203-F219-4D79-B873-B68F6BACCD09}.Debug|Win32.Build.0 = Debug|Win32
		{EAE23203-F219-4D79-B873-B68F6BACCD09}.Debug|x64.ActiveCfg = Debug|x64
		{EAE23203-F219-4D79-B873-B68F6BACCD09}.Debug|x64.Build.0 = Debug|x64
		{EAE23203-F219-4D79-B873-B68F6BACCD09}.Release DLL|Win32.ActiveCfg = Release|Win32
		{EAE23203-F219-4D79-B873-B68F6BACCD09}.Release DLL|x64.ActiveCfg = Release|x64
		{EAE23203-F219-4D79-B873-B68F6BACCD09}.Release|Win32.ActiveCfg = Release|Win32
		{EAE23203-F219-4D79-B873-B68F6BACCD09}.Release|Win32.Build.0 = Release|Win32
		{EAE23203-F219-4D79-B873-B68F6BACCD09}.Release|x64.ActiveCfg = Release|x64
		{EAE23203-F219-4D79-B873-B68F6BACCD09}.Release|x64.Build.0 = Release|x64
		{2841F13C-07C5-429D-AA08-6E9629BA9772}.Debug DLL|Win32.ActiveCfg = Debug|Win32
		{2841F13C-07C5-429D-AA08-6E9629BA9772}.Debug DLL|x64.ActiveCfg = Debug|x64
		{2841F13C-07C5-429D-AA08-6E9629BA9772}.Debug|Win32.ActiveCfg = Debug|Win32
		{2841F13C-07C5-429D-AA08-6E9629BA9772}.Debug|Win32.Build.0 = Debug|Win32
		{2841F13C-07C5-429D-AA08-6E9629BA9772}.Debug|x64.ActiveCfg = Debug|x64
		{2841F13C-07C5-429D-AA08-6E9629BA9772}.Debug|x64.Build.0 = Debug|x64
		{2841F13C-07C5-429D-AA08-6E9629BA9772}.Release DLL|Win32.ActiveCfg = Release|Win32
		{2841F13C-07C5-429D-AA08-6E9629BA9772}.Release DLL|x64.ActiveCfg = Release|x64
		{2841F13C-07C5-429D-AA08-6E9629BA9772}.Release|Win32.ActiveCfg = Release|Win32
		{2841F13C-07C5-429D-AA08-6E9629BA9772}.Release|Win32.Build.0 = Release|Win32
		{2841F13C-07C5-429D-AA08-6E9629BA9772}.Release|x64.ActiveCfg = Release|x64
		{2841F13C-07C5-429D-AA08-6E9629BA9772}.Release|x64.Build.0 = Release|x64
		{E7D5F2E4-3F17-4D95-B1F1-3F7F2C81F5E3}.Debug DLL|Win32.ActiveCfg = Debug|Win32
		{E7D5F2E4-3F17-4D95-B1F1-3F7F2C81F5E3}.Debug DLL|x64.ActiveCfg = Debug|x64
		{E7D5F2E4-3F17-4D95-B1F1-3F7F2C81F5E3}.Debug|Win32.ActiveCfg = Debug|Win32
		{E7D5F2E4-3F17-4D95-B1F1-3F7F2C81F5E3}.Debug|Win32.Build.0 = Debug|Win32
		{E7D5F2E4-3F17-4D95-B1F1-3F7F2C81F5E3}.Debug|x64.ActiveCfg = Debug|x64
		{E7D5F2E4-3F17-4D95-B1F1-3F7F2C81F5E3}.Debug|x64.Build.0 = Debug|x64
		{E7D5F2E4-3F17-4D95-B1F1-3F7F2C81F5E3}.Release DLL|Win32.ActiveCfg = Release|Win32
		{E7D5F2E4-3F17-4D95-B1F1-3F7F2C81F5E3}.Release DLL|x64.ActiveCfg = Release|x64
		{E7D5F2E4-3F17-4D95-B1F1-3F7F2C81F5E3}.Release|Win32.ActiveCfg = Release|Win32
		{E7D5F2E4-3F17-4D95-B1F1-3F7F2C81F5E3}.Release|Win32.Build.0 = Release|Win32
		{E7D5F2E4-3F17-4D95-B1F1-3F7F2C81F5E3}.Release|x64.ActiveCfg = Release|x64
		{E7D5F2E4-3F17-4D95-B1F1-3F7F2C81F5E3}.Release|x64.Build.0 = Release|x64
		{706D3533-FC24-4C76-9729-68265223E1BF}.Debug DLL|Win32.ActiveCfg = Debug|Win32
		{706D3533-FC24-4C76-9729-68265223E1BF}.Debug DLL|x64.ActiveCfg = Debug|x64
		{706D3533-FC24-4C76-9729-68265223E1BF}.Debug|Win32.ActiveCfg = Debug|Win32
		{706D3533-FC24-4C76-9729-68265223E1BF}.Debug|Win32.Build.0 = Debug|Win32
		{706D3533-FC24-4C76-9729-68265223E1BF}.Debug|x64.ActiveCfg = Debug|x64
		{706D3533-FC24-4C76-9729-68265223E1BF}.Debug|x64.Build.0 = Debug|x64
		{706D3533-FC24-4C76-9729-68265223E1BF}.Release DLL|Win32.ActiveCfg = Release|Win32
		{706D3533-FC24-4C76-9729-68265223E1BF}.Release DLL|x64.ActiveCfg = Release|x64
		{706D3533-FC24-4C76-9729-68265223E1BF}.Release|Win32.ActiveCfg = Release|Win32
		{706D3533-FC24-4C76-9729-68265223E1BF}.Release|Win32.Build.0 = Release|Win32
		{706D3533-FC24-4C76-9729-68265223E1BF}.Release|x64.ActiveCfg = Release|x64
		{706D3533-FC24-4C76-9729-68265223E1BF}.Release|x64.Build.0 = Release|x64
		{079151F1-34C8-48F4-AF01-D34D473F1A49}.Debug DLL|Win32.ActiveCfg = Debug|Win32
		{079151F1-34C8-48F4-AF01-D34D473F1A49}.Debug DLL|x64.ActiveCfg = Debug|x64
		{079151F1-34C8-48F4-AF01-D34D473F1A49}.Debug|Win32.ActiveCfg = Debug|Win32
		{079151F1-34C8-48F4-AF01-D34D473F1A49}.Debug|Win32.Build.0 = Debug|Win32
		{079151F1-34C8-48F4-AF01-D34D473F1A49}.Debug|x64.ActiveCfg = Debug|x64
		{079151F1-34C8-48F4-AF01-D34D473F1A49}.Debug|x64.Build.0 = Debug|x64
		{079151F1-34C8-48F4-AF01-D34D473F1A49}.Release DLL|Win32.ActiveCfg = Release|Win32
		{079151F1-34C8-48F4-AF01-D34D473F1A49}.Release DLL|x64.ActiveCfg = Release|x64
		{079151F1-34C8-48F4-AF01-D34D473F1A49}.Release|Win32.ActiveCfg = Release|Win32
		{079151F1-34C8-48F4-AF01-D34D473F1A49}.Release|Win32.Build.0 = Release|Win32
		{079151F1-34C8-48F4-AF01-D34D473F1A49}.Release|x64.ActiveCfg = Release|x64
		{079151F1-34C8-48F4-AF01-D34D473F1A49}.Release|x64.Build.0 = Release|x64
		{4E9548EE-C171-4F2D-BEB3-2097F07970BB}.Debug DLL|Win32.ActiveCfg = Debug|Win32
		{4E9548EE-C171-4F2D-BEB3-2097F07970BB}.Debug DLL|x64.ActiveCfg = Debug|x64
		{4E9548EE-C171-4F2D-BEB3-2097F07970BB}.Debug|Win32.ActiveCfg = Debug|Win32
		{4E9548EE-C171-4F2D-BEB3-2097F07970BB}.Debug|Win32.Build.0 = Debug|Win32
		{4E9548EE-C171-4F2D-BEB3-2097F07970BB}.Debug|x64.ActiveCfg = Debug|x64
		{4E9548EE-C171-4F2D-BEB3-2097F07970BB}.Debug|x64.Build.0 = Debug|x64
		{4E9548EE-C171-4F2D-BEB3-2097F07970BB}.Release DLL|Win32.ActiveCfg = Release|Win32
		{4E9548EE-C171-4F2D-BEB3-2097F07970BB}.Release DLL|x64.ActiveCfg = Release|x64
		{4E9548EE-C171-4F2D-BEB3-2097F07970BB}.Release|Win32.ActiveCfg = Release|Win32
		{4E9548EE-C171-4F2D-BEB3-2097F07970BB}.Release|Win32.Build.0 = Release|Win32
		{4E9548EE-C171-4F2D-BEB3-2097F07970BB}.Release|x64.ActiveCfg = Release|x64
		{4E9548EE-C171-4F2D-BEB3-2097F07970BB}.Release|x64.Build.0 = Release|x64
		{1FB7AB1A-E703-43AB-8CA8-8DD13F0A47DF}.Debug DLL|Win32.ActiveCfg = Debug|Win32
		{1FB7AB1A-E703-43AB-8CA8-8DD13F0A47DF}.Debug DLL|x64.ActiveCfg = Debug|x64
		{1FB7AB1A-E703-43AB-8CA8-8DD13F0A47DF}.Debug|Win32.ActiveCfg = Debug|Win32
		{1FB7AB1A-E703-43AB-8CA8-8DD13F0A47DF}.Debug|Win32.Build.0 = Debug|Win32
		{1FB7AB1A-E703-43AB-8CA8-8DD13F0A47DF}.Debug|x64.ActiveCfg = Debug|x64
		{1FB7AB1A-E703-43AB-8CA8-8DD13F0A47DF}.Debug|x64.Build.0 = Debug|x64
		{1FB7AB1A-E703-43AB-8CA8-8DD13F0A47DF}.Release DLL|Win32.ActiveCfg = Release|Win32
		{1FB7AB1A-E703-43AB-8CA8-8DD13F0A47DF}.Release DLL|x64.ActiveCfg = Release|x64
		{1FB7AB1A-E703-43AB-8CA8-8DD13F0A47DF}.Release|Win32.ActiveCfg = Release|Win32
		{1FB7AB1A-E703-43AB-8CA8-8DD13F0A47DF}.Release|Win32.Build.0 = Release|Win32
		{1FB7AB1A-E703-43AB-8CA8-8DD13F0A47DF}.Release|x64.ActiveCfg = Release|x64
		{1FB7AB1A-E703-43AB-8CA8-8DD13F0A47DF}.Release|x64.Build.0 = Release|x64
		{6A466EA1-A708-4935-8C85-D08AC484C748}.Debug DLL|Win32.ActiveCfg = Debug|Win32
		{6A466EA1-A708-4935-8C85-D08AC484C748}.Debug DLL|x64.ActiveCfg = Debug|x64
		{6A466EA1-A708-4935-8C85-D08AC484C748}.Debug|Win32.ActiveCfg = Debug|Win32
		{6A466EA1-A708-4935-8C85-D08AC484C748}.Debug|Win32.Build.0 = Debug|Win32
		{6A466EA1-A708-4935-8C85-D08AC484C748}.Debug|x64.ActiveCfg = Debug|x64
		{6A466EA1-A708-4935-8C85-D08AC484C748}.Debug|x64.Build.0 = Debug|x64
		{6A466EA1-A708-4935-8C85-D08AC484C748}.Release DLL|Win32.ActiveCfg = Release|Win32
		{6A466EA1-A708-4935-8C85-D08AC484C748}.Release DLL|x64.ActiveCfg = Release|x64
		{6A466EA1-A708-4935-8C85-D08AC484C748}.Release|Win32.ActiveCfg = Release|Win32
		{6A466EA1-A708-4935-8C85-D08AC484C748}.Release|Win32.Build.0 = Release|Win32
		{6A466EA1-A708-4935-8C85-D08AC484C748}.Release|x64.ActiveCfg = Release|x64
		{6A466EA1-A708-4935-8C85-D08AC484C748}.Release|x64.Build.0 = Release|x64
		{9653F02D-1B23-410B-AD8D-9BD1FF8C0F72}.Debug DLL|Win32.ActiveCfg = Debug|Win32
		{9653F02D-1B23-410B-AD8D-9BD1FF8C0F72}.Debug DLL|x64.ActiveCfg = Debug|x64
		{9653F02D-1B23-410B-AD8D-9BD1FF8C0F72}.Debug|Win32.ActiveCfg = Debug|Win32
		{9653F02D-1B23-410B-AD8D-9BD1FF8C0F72}.Debug|Win32.Build.0 = Debug|Win32
		{9653F02D-1B23-410B-AD8D-9BD1FF8C0F72}.Debug|x64.ActiveCfg = Debug|x64
		{9653F02D-1B23-410B-AD8D-9BD1FF8C0F72}.Debug|x64.Build.0 = Debug|x64
		{9653F02D-1B23-410B-AD8D-9BD1FF8C0F72}.Release DLL|Win32.ActiveCfg = Release|Win32
		{9653F02D-1B23-410B-AD8D-9BD1FF8C0F72}.Release DLL|x64.ActiveCfg = Release|x64
		{9653F02D-1B23-410B-AD8D-9BD1FF8C0F72}.Release|Win32.ActiveCfg = Release|Win32
		{9653F02D-1B23-410B-AD8D-9BD1FF8C0F72}.Release|Win32.Build.0 = Release|Win32
		{9653F02D-1B23-410B-AD8D-9BD1FF8C0F72}.Release|x64.ActiveCfg = Release|x64
		{9653F02D-1B23-410B-AD8D-9BD1FF8C0F72}.Release|x64.Build.0 = Release|x64
		{4D40EC11-0AEB-4792-BBCE-BA11E50F3D1A}.Debug DLL|Win32.ActiveCfg = Debug|Win32
		{4D40EC11-0AEB-4792-BBCE-BA11E50F3D1A}.Debug DLL|x64.ActiveCfg = Debug|x64
		{4D40EC11-0AEB-4792-BBCE-BA11E50F3D1A}.Debug|Win32.ActiveCfg = Debug|Win32
		{4D40EC11-0AEB-4792-BBCE-BA11E50F3D1A}.Debug|Win32.Build.0 = Debug|Win32
		{4D40EC11-0AEB-4792-BBCE-BA11E50F3D1A}.Debug|x64.ActiveCfg = Debug|x64
		{4D40EC11-0AEB-4792-BBCE-BA11E50F3D1A}.Debug|x64.Build.0 = Debug|x64
		{4D40EC11-0AEB-4792-BBCE-BA11E50F3D1A}.Release DLL|Win32.ActiveCfg = Release|Win32
		{4D40EC11-0AEB-4792-BBCE-BA11E50F3D1A}.Release DLL|x64.ActiveCfg = Release|x64
		{4D40EC11-0AEB-4792-BBCE-BA11E50F3D1A}.Release|Win32.ActiveCfg = Release|Win32
		{4D40EC11-0AEB-4792-BBCE-BA11E50F3D1A}.Release|Win32.Build.0 = Release|Win32
		{4D40EC11-0AEB-4792-BBCE-BA11E50F3D1A}.Release|x64.ActiveCfg = Release|x64
		{4D40EC11-0AEB-4792-BBCE-BA11E50F3D1A}.Release|x64.Build.0 = Release|x64
		{0EFC7F4E-0184-48C1-91D1-25B107FD60F1}.Debug DLL|Win32.ActiveCfg = Debug|Win32
		{0EFC7F4E-0184-48C1-91D1-25B107FD60F1}.Debug DLL|x64.ActiveCfg = Debug|x64
		{0EFC7F4E-0184-48C1-91D1-25B107FD60F1}.Debug|Win32.ActiveCfg = Debug|Win32
		{0EFC7F4E-0184-48C1-91D1-25B107FD60F1}.Debug|Win32.Build.0 = Debug|Win32
		{0EFC7F4E-0184-48C1-91D1-25B107FD60F1}.Debug|x64.ActiveCfg = Debug|x64
		{0EFC7F4E-0184-48C1-91D1-25B107FD60F1}.Debug|x64.Build.0 = Debug|x64
		{0EFC7F4E-0184-48C1-91D1-25B107FD60F1}.Release DLL|Win32.ActiveCfg = Release|Win32
		{0EFC7F4E-0184-48C1-91D1-25B107FD60F1}.Release DLL|x64.ActiveCfg = Release|x64
		{0EFC7F4E-0184-48C1-91D1-25B107FD60F1}.Release|Win32.ActiveCfg = Release|Win32
		{0EFC7F4E-0184-48C1-91D1-25B107FD60F1}.Release|Win32.Build.0 = Release|Win32
		{0EFC7F4E-0184-48C1-91D1-25B107FD60F1}.Release|x64.ActiveCfg = Release|x64
		{0EFC7F4E-0184-48C1-91D1-25B107FD60F1}.Release|x64.Build.0 = Release|x64
		{7B79E579-7F07-4EF9-823C-7A030D23BDCD}.Debug DLL|Win32.ActiveCfg = Debug|Win32
		{7B79E579-7F07-4EF9-823C-7A030D23BDCD}.Debug DLL|x64.ActiveCfg = Debug|x64
		{7B79E579-7F07-4EF9-823C-7A030D23BDCD}.Debug|Win32.ActiveCfg = Debug|Win32
		{7B79E579-7F07-4EF9-823C-7A030D23BDCD}.Debug|Win32.Build.0 = Debug|Win32
		{7B79E579-7F07-4EF9-823C-7A030D23BDCD}.Debug|x64.ActiveCfg = Debug|x64
		{7B79E579-7F07-4EF9-823C-7A030D23BDCD}.Debug|x64.Build.0 = Debug|x64
		{7B79E579-7F07-4EF9-823C-7A030D23BDCD}.Release DLL|Win32.ActiveCfg = Release|Win32
		{7B79E579-7F07-4EF9-823C-7A030D23BDCD}.Release DLL|x64.ActiveCfg = Release|x64
		{7B79E579-7F07-4EF9-823C-7A030D23BDCD}.Release|Win32.ActiveCfg = Release|Win32
		{7B79E579-7F07-4EF9-823C-7A030D23BDCD}.Release|Win32.Build.0 = Release|Win32
		{7B79E579-7F07-4EF9-823C-7A030D23BDCD}.Release|x64.ActiveCfg = Release|x64
		{7B79E579-7F07-4EF9-823C-7A030D23BDCD}.Release|x64.Build.0 = Release|x64
		{092D986F-B4BC-480B-850F-6B90CB244134}.Debug DLL|Win32.ActiveCfg = Debug|Win32
		{092D986F-B4BC-480B-850F-6B90CB244134}.Debug DLL|x64.ActiveCfg = Debug|x64
		{092D986F-B4BC-480B-850F-6B90CB244134}.Debug|Win32.ActiveCfg = Debug|Win32
		{092D986F-B4BC-480B-850F-6B90CB244134}.Debug|Win32.Build.0 = Debug|Win32
		{092D986F-B4BC-480B-850F-6B90CB244134}.Debug|x64.ActiveCfg = Debug|x64
		{092D986F-B4BC-480B-850F-6B90CB244134}.Debug|x64.Build.0 = Debug|x64
		{092D986F-B4BC-480B-850F-6B90CB244134}.Release DLL|Win32.ActiveCfg = Release|Win32
		{092D986F-B4BC-480B-850F-6B90CB244134}.Release DLL|x64.ActiveCfg = Release|x64
		{092D986F-B4BC-480B-850F-6B90CB244134}.Release|Win32.ActiveCfg = Release|Win32
		{092D986F-B4BC-480B-850F-6B90CB244134}.Release|Win32.Build.0 = Release|Win32
		{092D986F-B4BC-480B-850F-6B90CB244134}.Release|x64.ActiveCfg = Release|x64
		{092D986F-B4BC-480B-850F-6B90CB244134}.Release|x64.Build.0 = Release|x64
		{D128FE7D-D440-4BD7-84DA-EABD1C8F242A}.Debug DLL|Win32.ActiveCfg = Debug|Win32
		{D128FE7D-D440-4BD7-84DA-EABD1C8F242A}.Debug DLL|x64.ActiveCfg = Debug|x64
		{D128FE7D-D440-4BD7-84DA-EABD1C8F242A}.Debug|Win32.ActiveCfg = Debug|Win32
		{D128FE7D-D440-4BD7-84DA-EABD1C8F242A}.Debug|Win32.Build.0 = Debug|Win32
		{D128FE7D-D440-4BD7-84DA-EABD1C8F242A}.Debug|x64.ActiveCfg = Debug|x64
		{D128FE7D-D440-4BD7-84DA-EABD1C8F242A}.Debug|x64.Build.0 = Debug|x64
		{D128FE7D-D440-4BD7-84DA-EABD1C8F242A}.Release DLL|Win32.ActiveCfg = Release|Win32
		{D128FE7D-D440-4BD7-84DA-EABD1C8F242A}.Release DLL|x64.ActiveCfg = Release|x64
		{D128FE7D-D440-4BD7-84DA-EABD1C8F242A}.Release|Win32.ActiveCfg = Release|Win32
		{D128FE7D-D440-4BD7-84DA-EABD1C8F242A}.Release|Win32.Build.0 = Release|Win32
		{D128FE7D-D440-4BD7-84DA-EABD1C8F242A}.Release|x64.ActiveCfg = Release|x64
		{D128FE7D-D440-4BD7-84DA-EABD1C8F242A}.Release|x64.Build.0 = Release|x64
		{DE57C549-7FB6-4B48-8A63-FF94F7B969E6}.Debug DLL|Win32.ActiveCfg = Debug|Win32
		{DE57C549-7FB6-4B48-8A63-FF94F7B969E6}.Debug DLL|x64.ActiveCfg = Debug|x64
		{DE57C549-7FB6-4B48-8A63-FF94F7B969E6}.Debug|Win32.ActiveCfg = Debug|Win32
		{DE57C549-7FB6-4B48-8A63-FF94F7B969E6}.Debug|Win32.Build.0 = Debug|Win32
		{DE57C549-7FB6-4B48-8A63-FF94F7B969E6}.Debug|x64.ActiveCfg = Debug|x64
		{DE57C549-7FB6-4B48-8A63-FF94F7B969E6}.Debug|x64.Build.0 = Debug|x64
		{DE57C549-7FB6-4B48-8A63-FF94F7B969E6}.Release DLL|Win32.ActiveCfg = Release|Win32
		{DE57C549-7FB6-4B48-8A63-FF94F7B969E6}.Release DLL|x64.ActiveCfg = Release|x64
		{DE57C549-7FB6-4B48-8A63-FF94F7B969E6}.Release|Win32.ActiveCfg = Release|Win32
		{DE57C549-7FB6-4B48-8A63-FF94F7B969E6}.Release|Win32.Build.0 = Release|Win32
		{DE57C549-7FB6-4B48-8A63-FF94F7B969E6}.Release|x64.ActiveCfg = Release|x64
		{DE57C549-7FB6-4B48-8A63-FF94F7B969E6}.Release|x64.Build.0 = Release|x64
		{E385FB5C-2EE1-46CC-9E09-AE1D24F48FF0}.Debug DLL|Win32.ActiveCfg = Debug|Win32
		{E385FB5C-2EE1-46CC-9E09-AE1D24F48FF0}.Debug DLL|x64.ActiveCfg = Debug|x64
		{E385FB5C-2EE1-46CC-9E09-AE1D24F48FF0}.Debug|Win32.ActiveCfg = Debug|Win32
		{E385FB5C-2EE1-46CC-9E09-AE1D24F48FF0}.Debug|Win32.Build.0 = Debug|Win32
		{E385FB5C-2EE1-46CC-9E09-AE1D24F48FF0}.Debug|x64.ActiveCfg = Debug|x64
		{E385FB5C-2EE1-46CC-9E09-AE1D24F48FF0}.Debug|x64.Build.0 = Debug|x64
		{E385FB5C-2EE1-46CC-9E09-AE1D24F48FF0}.Release DLL|Win32.ActiveCfg = Release|Win32
		{E385FB5C-2EE1-46CC-9E09-AE1D24F48FF0}.Release DLL|x64.ActiveCfg = Release|x64
		{E385FB5C-2EE1-46CC-9E09-AE1D24F48FF0}.Release|Win32.ActiveCfg = Release|Win32
		{E385FB5C-2EE1-46CC-9E09-AE1D24F48FF0}.Release|Win32.Build.0 = Release|Win32
		{E385FB5C-2EE1-46CC-9E09-AE1D24F48FF0}.Release|x64.ActiveCfg = Release|x64
		{E385FB5C-2EE1-46CC-9E09-AE1D24F48FF0}.Release|x64.Build.0 = Release|x64
		{B9063325-F182-43D4-B72A-526D0F75F72C}.Debug DLL|Win32.ActiveCfg = Debug|Win32
		{B9063325-F182-43D4-B72A-526D0F75F72C}.Debug DLL|x64.ActiveCfg = Debug|x64
		{B9063325-F182-43D4-B72A-526D0F75F72C}.Debug|Win32.ActiveCfg = Debug|Win32
		{B9063325-F182-43D4-B72A-526D0F75F72C}.Debug|Win32.Build.0 = Debug|Win32
		{B9063325-F182-43D4-B72A-526D0F75F72C}.Debug|x64.ActiveCfg = Debug|x64
		{B9063325-F182-43D4-B72A-526D0F75F72C}.Debug|x64.Build.0 = Debug|x64
		{B9063325-F182-43D4-B72A-526D0F75F72C}.Release DLL|Win32.ActiveCfg = Release|Win32
		{B9063325-F182-43D4-B72A-526D0F75F72C}.Release DLL|x64.ActiveCfg = Release|x64
		{B9063325-F182-43D4-B72A-526D0F75F72C}.Release|Win32.ActiveCfg = Release|Win32
		{B9063325-F182-43D4-B72A-526D0F75F72C}.Release|Win32.Build.0 = Release|Win32
		{B9063325-F182-43D4-B72A-526D0F75F72C}.Release|x64.ActiveCfg = Release|x64
		{B9063325-F182-43D4-B72A-526D0F75F72C}.Release|x64.Build.0 = Release|x64
		{B24386F4-993D-4568-9064-9BE95BCFD5FE}.Debug DLL|Win32.ActiveCfg = Debug|Win32
		{B24386F4-993D-4568-9064-9BE95BCFD5FE}.Debug DLL|x64.ActiveCfg = Debug|x64
		{B24386F4-993D-4568-9064-9BE95BCFD5FE}.Debug|Win32.ActiveCfg = Debug|Win32
		{B24386F4-993D-4568-9064-9BE95BCFD5FE}.Debug|Win32.Build.0 = Debug|Win32
		{B24386F4-993D-4568-9064-9BE95BCFD5FE}.Debug|x64.ActiveCfg = Debug|x64
		{B24386F4-993D-4568-9064-9BE95BCFD5FE}.Debug|x64.Build.0 = Debug|x64
		{B24386F4-993D-4568-9064-9BE95BCFD5FE}.Release DLL|Win32.ActiveCfg = Release|Win32
		{B24386F4-993D-4568-9064-9BE95BCFD5FE}.Release DLL|x64.ActiveCfg = Release|x64
		{B24386F4-993D-4568-9064-9BE95BCFD5FE}.Release|Win32.ActiveCfg = Release|Win32
		{B24386F4-993D-4568-9064-9BE95BCFD5FE}.Release|Win32.Build.0 = Release|Win32
		{B24386F4-993D-4568-9064-9BE95BCFD5FE}.Release|x64.ActiveCfg = Release|x64
		{B24386F4-993D-4568-9064-9BE95BCFD5FE}.Release|x64.Build.0 = Release|x64
		{0B5B3441-6443-497D-A207-EB0DAEC43161}.Debug DLL|Win32.ActiveCfg = Debug|Win32
		{0B5B3441-6443-497D-A207-EB0DAEC43161}.Debug DLL|x64.ActiveCfg = Debug|x64
		{0B5B3441-6443-497D-A207-EB0DAEC43161}.Debug|Win32.ActiveCfg = Debug|Win32
		{0B5B3441-6443-497D-A207-EB0DAEC43161}.Debug|Win32.Build.0 = Debug|Win32
		{0B5B3441-6443-497D-A207-EB0DAEC43161}.Debug|x64.ActiveCfg = Debug|x64
		{0B5B3441-6443-497D-A207-EB0DAEC43161}.Debug|x64.Build.0 = Debug|x64
		{0B5B3441-6443-497D-A207-EB0DAEC43161}.Release DLL|Win32.ActiveCfg = Release|Win32
		{0B5B3441-6443-497D-A207-EB0DAEC43161}.Release DLL|x64.ActiveCfg = Release|x64
		{0B5B3441-6443-497D-A207-EB0DAEC43161}.Release|Win32.ActiveCfg = Release|Win32
		{0B5B3441-6443-497D-A207-EB0DAEC43161}.Release|Win32.Build.0 = Release|Win32
		{0B5B3441-6443-497D-A207-EB0DAEC43161}.Release|x64.ActiveCfg = Release|x64
		{0B5B3441-6443-497D-A207-EB0DAEC43161}.Release|x64.Build.0 = Release|x64
		{68C7909A-B7E1-4C44-9633-958152ED6ACE}.Debug DLL|Win32.ActiveCfg = Debug|Win32
		{68C7909A-B7E1-4C44-9633-958152ED6ACE}.Debug DLL|x64.ActiveCfg = Debug|x64
		{68C7909A-B7E1-4C44-9633-958152ED6ACE}.Debug|Win32.ActiveCfg = Debug|Win32
		{68C7909A-B7E1-4C44-9633-958152ED6ACE}.Debug|Win32.Build.0 = Debug|Win32
		{68C7909A-B7E1-4C44-9633-958152ED6ACE}.Debug|x64.ActiveCfg = Debug|x64
		{68C7909A-B7E1-4C44-9633-958152ED6ACE}.Debug|x64.Build.0 = Debug|x64
		{68C7909A-B7E1-4C44-9633-958152ED6ACE}.Release DLL|Win32.ActiveCfg = Release|Win32
		{68C7909A-B7E1-4C44-9633-958152ED6ACE}.Release DLL|x64.ActiveCfg = Release|x64
		{68C7909A-B7E1-4C44-9633-958152ED6ACE}.Release|Win32.ActiveCfg = Release|Win32
		{68C7909A-B7E1-4C44-9633-958152ED6ACE}.Release|Win32.Build.0 = Release|Win32
		{68C7909A-B7E1-4C44-9633-958152ED6ACE}.Release|x64.ActiveCfg = Release|x64
		{68C7909A-B7E1-4C44-9633-958152ED6ACE}.Release|x64.Build.0 = Release|x64
		{BFDE2B4F-0D67-4446-A576-EC6DA956D075}.Debug DLL|Win32.ActiveCfg = Debug|Win32
		{BFDE2B4F-0D67-4446-A576-EC6DA956D075}.Debug DLL|x64.ActiveCfg = Debug|x64
		{BFDE2B4F-0D67-4446-A576-EC6DA956D075}.Debug DLL|x64.Build.0 = Debug|x64
		{BFDE2B4F-0D67-4446-A576-EC6DA956D075}.Debug|Win32.ActiveCfg = Debug|Win32
		{BFDE2B4F-0D67-4446-A576-EC6DA956D075}.Debug|Win32.Build.0 = Debug|Win32
		{BFDE2B4F-0D67-4446-A576-EC6DA956D075}.Debug|x64.ActiveCfg = Debug|x64
		{BFDE2B4F-0D67-4446-A576-EC6DA956D075}.Debug|x64.Build.0 = Debug|x64
		{BFDE2B4F-0D67-4446-A576-EC6DA956D075}.Release DLL|Win32.ActiveCfg = Release|Win32
		{BFDE2B4F-0D67-4446-A576-EC6DA956D075}.Release DLL|x64.ActiveCfg = Release|x64
		{BFDE2B4F-0D67-4446-A576-EC6DA956D075}.Release DLL|x64.Build.0 = Release|x64
		{BFDE2B4F-0D67-4446-A576-EC6DA956D075}.Release|Win32.ActiveCfg = Release|Win32
		{BFDE2B4F-0D67-4446-A576-EC6DA956D075}.Release|Win32.Build.0 = Release|Win32
		{BFDE2B4F-0D67-4446-A576-EC6DA956D075}.Release|x64.ActiveCfg = Release|x64
		{BFDE2B4F-0D67-4446-A576-EC6DA956D075}.Release|x64.Build.0 = Release|x64
		{88B2C909-5E42-460C-829D-55D99809520D}.Debug DLL|Win32.ActiveCfg = Debug|Win32
		{88B2C909-5E42-460C-829D-55D99809520D}.Debug DLL|x64.ActiveCfg = Debug|x64
		{88B2C909-5E42-460C-829D-55D99809520D}.Debug DLL|x64.Build.0 = Debug|x64
		{88B2C909-5E42-460C-829D-55D99809520D}.Debug|Win32.ActiveCfg = Debug|Win32
		{88B2C909-5E42-460C-829D-55D99809520D}.Debug|Win32.Build.0 = Debug|Win32
		{88B2C909-5E42-460C-829D-55D99809520D}.Debug|x64.ActiveCfg = Debug|x64
		{88B2C909-5E42-460C-829D-55D99809520D}.Debug|x64.Build.0 = Debug|x64
		{88B2C909-5E42-460C-829D-55D99809520D}.Release DLL|Win32.ActiveCfg = Release|Win32
		{88B2C909-5E42-460C-829D-55D99809520D}.Release DLL|x64.ActiveCfg = Release|x64
		{88B2C909-5E42-460C-829D-55D99809520D}.Release DLL|x64.Build.0 = Release|x64
		{88B2C909-5E42-460C-829D-55D99809520D}.Release|Win32.ActiveCfg = Release|Win32
		{88B2C909-5E42-460C-829D-55D99809520D}.Release|Win32.Build.0 = Release|Win32
		{88B2C909-5E42-460C-829D-55D99809520D}.Release|x64.ActiveCfg = Release|x64
		{88B2C909-5E42-460C-829D-55D99809520D}.Release|x64.Build.0 = Release|x64
		{02982965-1D9C-4015-B96B-CF46B5DF78F9}.Debug DLL|Win32.ActiveCfg = Debug|Win32
		{02982965-1D9C-4015-B96B-CF46B5DF78F9}.Debug DLL|x64.ActiveCfg = Debug|x64
		{02982965-1D9C-4015-B96B-CF46B5DF78F9}.Debug DLL|x64.Build.0 = Debug|x64
		{02982965-1D9C-4015-B96B-CF46B5DF78F9}.Debug|Win32.ActiveCfg = Debug|Win32
		{02982965-1D9C-4015-B96B-CF46B5DF78F9}.Debug|Win32.Build.0 = Debug|Win32
		{02982965-1D9C-4015-B96B-CF46B5DF78F9}.Debug|x64.ActiveCfg = Debug|x64
		{02982965-1D9C-4015-B96B-CF46B5DF78F9}.Debug|x64.Build.0 = Debug|x64
		{02982965-1D9C-4015-B96B-CF46B5DF78F9}.Release DLL|Win32.ActiveCfg = Release|Win32
		{02982965-1D9C-4015-B96B-CF46B5DF78F9}.Release DLL|x64.ActiveCfg = Release|x64
		{02982965-1D9C-4015-B96B-CF46B5DF78F9}.Release DLL|x64.Build.0 = Release|x64
		{02982965-1D9C-4015-B96B-CF46B5DF78F9}.Release|Win32.ActiveCfg = Release|Win32
		{02982965-1D9C-4015-B96B-CF46B5DF78F9}.Release|Win32.Build.0 = Release|Win32
		{02982965-1D9C-4015-B96B-CF46B5DF78F9}.Release|x64.ActiveCfg = Release|x64
		{02982965-1D9C-4015-B96B-CF46B5DF78F9}.Release|x64.Build.0 = Release|x64
		{B394BB08-9A91-4E4D-BBA6-C173B35FF7E1}.Debug DLL|Win32.ActiveCfg = Debug|Win32
		{B394BB08-9A91-4E4D-BBA6-C173B35FF7E1}.Debug DLL|x64.ActiveCfg = Debug|x64
		{B394BB08-9A91-4E4D-BBA6-C173B35FF7E1}.Debug DLL|x64.Build.0 = Debug|x64
		{B394BB08-9A91-4E4D-BBA6-C173B35FF7E1}.Debug|Win32.ActiveCfg = Debug|Win32
		{B394BB08-9A91-4E4D-BBA6-C173B35FF7E1}.Debug|Win32.Build.0 = Debug|Win32
		{B394BB08-9A91-4E4D-BBA6-C173B35FF7E1}.Debug|x64.ActiveCfg = Debug|x64
		{B394BB08-9A91-4E4D-BBA6-C173B35FF7E1}.Debug|x64.Build.0 = Debug|x64
		{B394BB08-9A91-4E4D-BBA6-C173B35FF7E1}.Release DLL|Win32.ActiveCfg = Release|Win32
		{B394BB08-9A91-4E4D-BBA6-C173B35FF7E1}.Release DLL|x64.ActiveCfg = Release|x64
		{B394BB08-9A91-4E4D-BBA6-C173B35FF7E1}.Release DLL|x64.Build.0 = Release|x64
		{B394BB08-9A91-4E4D-BBA6-C173B35FF7E1}.Release|Win32.ActiveCfg = Release|Win32
		{B394BB08-9A91-4E4D-BBA6-C173B35FF7E1}.Release|Win32.Build.0 = Release|Win32
		{B394BB08-9A91-4E4D-BBA6-C173B35FF7E1}.Release|x64.ActiveCfg = Release|x64
		{B394BB08-9A91-4E4D-BBA6-C173B35FF7E1}.Release|x64.Build.0 = Release|x64
		{8CF6C370-6A7A-4738-B950-675C00F8D1A5}.Debug DLL|Win32.ActiveCfg = Debug|Win32
		{8CF6C370-6A7A-4738-B950-675C00F8D1A5}.Debug DLL|x64.ActiveCfg = Debug|x64
		{8CF6C370-6A7A-4738-B950-675C00F8D1A5}.Debug DLL|x64.Build.0 = Debug|x64
		{8CF6C370-6A7A-4738-B950-675C00F8D1A5}.Debug|Win32.ActiveCfg = Debug|Win32
		{8CF6C370-6A7A-4738-B950-675C00F8D1A5}.Debug|Win32.Build.0 = Debug|Win32
		{8CF6C370-6A7A-4738-B950-675C00F8D1A5}.Debug|x64.ActiveCfg = Debug|x64
		{8CF6C370-6A7A-4738-B950-675C00F8D1A5}.Debug|x64.Build.0 = Debug|x64
		{8CF6C370-6A7A-4738-B950-675C00F8D1A5}.Release DLL|Win32.ActiveCfg = Release|Win32
		{8CF6C370-6A7A-4738-B950-675C00F8D1A5}.Release DLL|x64.ActiveCfg = Release|x64
		{8CF6C370-6A7A-4738-B950-675C00F8D1A5}.Release DLL|x64.Build.0 = Release|x64
		{8CF6C370-6A7A-4738-B950-675C00F8D1A5}.Release|Win32.ActiveCfg = Release|Win32
		{8CF6C370-6A7A-4738-B950-675C00F8D1A5}.Release|Win32.Build.0 = Release|Win32
		{8CF6C370-6A7A-4738-B950-675C00F8D1A5}.Release|x64.ActiveCfg = Release|x64
		{8CF6C370-6A7A-4738-B950-675C00F8D1A5}.Release|x64.Build.0 = Release|x64
		{B5FD3DEF-D5B8-4574-9DD2-2371FEFB9AF2}.Debug DLL|Win32.ActiveCfg = Debug|Win32
		{B5FD3DEF-D5B8-4574-9DD2-2371FEFB9AF2}.Debug DLL|x64.ActiveCfg = Debug|x64
		{B5FD3DEF-D5B8-4574-9DD2-2371FEFB9AF2}.Debug DLL|x64.Build.0 = Debug|x64
		{B5FD3DEF-D5B8-4574-9DD2-2371FEFB9AF2}.Debug|Win32.ActiveCfg = Debug|Win32
		{B5FD3DEF-D5B8-4574-9DD2-2371FEFB9AF2}.Debug|Win32.Build.0 = Debug|Win32
		{B5FD3DEF-D5B8-4574-9DD2-2371FEFB9AF2}.Debug|x64.ActiveCfg = Debug|x64
		{B5FD3DEF-D5B8-4574-9DD2-2371FEFB9AF2}.Debug|x64.Build.0 = Debug|x64
		{B5FD3DEF-D5B8-4574-9DD2-2371FEFB9AF2}.Release DLL|Win32.ActiveCfg = Release|Win32
		{B5FD3DEF-D5B8-4574-9DD2-2371FEFB9AF2}.Release DLL|x64.ActiveCfg = Release|x64
		{B5FD3DEF-D5B8-4574-9DD2-2371FEFB9AF2}.Release DLL|x64.Build.0 = Release|x64
		{B5FD3DEF-D5B8-4574-9DD2-2371FEFB9AF2}.Release|Win32.ActiveCfg = Release|Win32
		{B5FD3DEF-D5B8-4574-9DD2-2371FEFB9AF2}.Release|Win32.Build.0 = Release|Win32
		{B5FD3DEF-D5B8-4574-9DD2-2371FEFB9AF2}.Release|x64.ActiveCfg = Release|x64
		{B5FD3DEF-D5B8-4574-9DD2-2371FEFB9AF2}.Release|x64.Build.0 = Release|x64
		{7FA49AC7-54D7-4909-822C-EF7475EF5B5B}.Debug DLL|Win32.ActiveCfg = Debug|Win32
		{7FA49AC7-54D7-4909-822C-EF7475EF5B5B}.Debug DLL|x64.ActiveCfg = Debug|x64
		{7FA49AC7-54D7-4909-822C-EF7475EF5B5B}.Debug DLL|x64.Build.0 = Debug|x64
		{7FA49AC7-54D7-4909-822C-EF7475EF5B5B}.Debug|Win32.ActiveCfg = Debug|Win32
		{7FA49AC7-54D7-4909-822C-EF7475EF5B5B}.Debug|Win32.Build.0 = Debug|Win32
		{7FA49AC7-54D7-4909-822C-EF7475EF5B5B}.Debug|x64.ActiveCfg = Debug|x64
		{7FA49AC7-54D7-4909-822C-EF7475EF5B5B}.Debug|x64.Build.0 = Debug|x64
		{7FA49AC7-54D7-4909-822C-EF7475EF5B5B}.Release DLL|Win32.ActiveCfg = Release|Win32
		{7FA49AC7-54D7-4909-822C-EF7475EF5B5B}.Release DLL|x64.ActiveCfg = Release|x64
		{7FA49AC7-54D7-4909-822C-EF7475EF5B5B}.Release DLL|x64.Build.0 = Release|x64
		{7FA49AC7-54D7-4909-822C-EF7475EF5B5B}.Release|Win32.ActiveCfg = Release|Win32
		{7FA49AC7-54D7-4909-822C-EF7475EF5B5B}.Release|Win32.Build.0 = Release|Win32
		{7FA49AC7-54D7-4909-822C-EF7475EF5B5B}.Release|x64.ActiveCfg = Release|x64
		{7FA49AC7-54D7-4909-822C-EF7475EF5B5B}.Release|x64.Build.0 = Release|x64
		{CF19152A-79FC-4800-A56C-AFFB3F846672}.Debug DLL|Win32.ActiveCfg = Debug|Win32
		{CF19152A-79FC-4800-A56C-AFFB3F846672}.Debug DLL|x64.ActiveCfg = Debug|x64
		{CF19152A-79FC-4800-A56C-AFFB3F846672}.Debug DLL|x64.Build.0 = Debug|x64
		{CF19152A-79FC-4800-A56C-AFFB3F846672}.Debug|Win32.ActiveCfg = Debug|Win32
		{CF19152A-79FC-4800-A56C-AFFB3F846672}.Debug|Win32.Build.0 = Debug|Win32
		{CF19152A-79FC-4800-A56C-AFFB3F846672}.Debug|x64.ActiveCfg = Debug|x64
		{CF19152A-79FC-4800-A56C-AFFB3F846672}.Debug|x64.Build.0 = Debug|x64
		{CF19152A-79FC-4800-A56C-AFFB3F846672}.Release DLL|Win32.ActiveCfg = Release|Win32
		{CF19152A-79FC-4800-A56C-AFFB3F846672}.Release DLL|x64.ActiveCfg = Release|x64
		{CF19152A-79FC-4800-A56C-AFFB3F846672}.Release DLL|x64.Build.0 = Release|x64
		{CF19152A-79FC-4800-A56C-AFFB3F846672}.Release|Win32.ActiveCfg = Release|Win32
		{CF19152A-79FC-4800-A56C-AFFB3F846672}.Release|Win32.Build.0 = Release|Win32
		{CF19152A-79FC-4800-A56C-AFFB3F846672}.Release|x64.ActiveCfg = Release|x64
		{CF19152A-79FC-4800-A56C-AFFB3F846672}.Release|x64.Build.0 = Release|x64
		{538A1A04-513B-43E4-B7C7-8AABBA4E4916}.Debug DLL|Win32.ActiveCfg = Debug|Win32
		{538A1A04-513B-43E4-B7C7-8AABBA4E4916}.Debug DLL|x64.ActiveCfg = Debug|x64
		{538A1A04-513B-43E4-B7C7-8AABBA4E4916}.Debug DLL|x64.Build.0 = Debug|x64
		{538A1A04-513B-43E4-B7C7-8AABBA4E4916}.Debug|Win32.ActiveCfg = Debug|Win32
		{538A1A04-513B-43E4-B7C7-8AABBA4E4916}.Debug|Win32.Build.0 = Debug|Win32
		{538A1A04-513B-43E4-B7C7-8AABBA4E4916}.Debug|x64.ActiveCfg = Debug|x64
		{538A1A04-513B-43E4-B7C7-8AABBA4E4916}.Debug|x64.Build.0 = Debug|x64
		{538A1A04-513B-43E4-B7C7-8AABBA4E4916}.Release DLL|Win32.ActiveCfg = Release|Win32
		{538A1A04-513B-43E4-B7C7-8AABBA4E4916}.Release DLL|x64.ActiveCfg = Release|x64
		{538A1A04-513B-43E4-B7C7-8AABBA4E4916}.Release DLL|x64.Build.0 = Release|x64
		{538A1A04-513B-43E4-B7C7-8AABBA4E4916}.Release|Win32.ActiveCfg = Release|Win32
		{538A1A04-513B-43E4-B7C7-8AABBA4E4916}.Release|Win32.Build.0 = Release|Win32
		{538A1A04-513B-43E4-B7C7-8AABBA4E4916}.Release|x64.ActiveCfg = Release|x64
		{538A1A04-513B-43E4-B7C7-8AABBA4E4916}.Release|x64.Build.0 = Release|x64
		{6A836646-8259-47FD-8705-40F26B275E15}.Debug DLL|Win32.ActiveCfg = Debug|Win32
		{6A836646-8259-47FD-8705-40F26B275E15}.Debug DLL|x64.ActiveCfg = Debug|x64
		{6A836646-8259-47FD-8705-40F26B275E15}.Debug DLL|x64.Build.0 = Debug|x64
		{6A836646-8259-47FD-8705-40F26B275E15}.Debug|Win32.ActiveCfg = Debug|Win32
		{6A836646-8259-47FD-8705-40F26B275E15}.Debug|Win32.Build.0 = Debug|Win32
		{6A836646-8259-47FD-8705-40F26B275E15}.Debug|x64.ActiveCfg = Debug|x64
		{6A836646-8259-47FD-8705-40F26B275E15}.Debug|x64.Build.0 = Debug|x64
		{6A836646-8259-47FD-8705-40F26B275E15}.Release DLL|Win32.ActiveCfg = Release|Win32
		{6A836646-8259-47FD-8705-40F26B275E15}.Release DLL|x64.ActiveCfg = Release|x64
		{6A836646-8259-47FD-8705-40F26B275E15}.Release DLL|x64.Build.0 = Release|x64
		{6A836646-8259-47FD-8705-40F26B275E15}.Release|Win32.ActiveCfg = Release|Win32
		{6A836646-8259-47FD-8705-40F26B275E15}.Release|Win32.Build.0 = Release|Win32
		{6A836646-8259-47FD-8705-40F26B275E15}.Release|x64.ActiveCfg = Release|x64
		{6A836646-8259-47FD-8705-40F26B275E15}.Release|x64.Build.0 = Release|x64
		{A53510C9-5FC6-44C2-B82C-C6B1AD2367BF}.Debug DLL|Win32.ActiveCfg = Debug|Win32
		{A53510C9-5FC6-44C2-B82C-C6B1AD2367BF}.Debug DLL|x64.ActiveCfg = Debug|x64
		{A53510C9-5FC6-44C2-B82C-C6B1AD2367BF}.Debug DLL|x64.Build.0 = Debug|x64
		{A53510C9-5FC6-44C2-B82C-C6B1AD2367BF}.Debug|Win32.ActiveCfg = Debug|Win32
		{A53510C9-5FC6-44C2-B82C-C6B1AD2367BF}.Debug|Win32.Build.0 = Debug|Win32
		{A53510C9-5FC6-44C2-B82C-C6B1AD2367BF}.Debug|x64.ActiveCfg = Debug|x64
		{A53510C9-5FC6-44C2-B82C-C6B1AD2367BF}.Debug|x64.Build.0 = Debug|x64
		{A53510C9-5FC6-44C2-B82C-C6B1AD2367BF}.Release DLL|Win32.ActiveCfg = Release|Win32
		{A53510C9-5FC6-44C2-B82C-C6B1AD2367BF}.Release DLL|x64.ActiveCfg = Release|x64
		{A53510C9-5FC6-44C2-B82C-C6B1AD2367BF}.Release DLL|x64.Build.0 = Release|x64
		{A53510C9-5FC6-44C2-B82C-C6B1AD2367BF}.Release|Win32.ActiveCfg = Release|Win32
		{A53510C9-5FC6-44C2-B82C-C6B1AD2367BF}.Release|Win32.Build.0 = Release|Win32
		{A53510C9-5FC6-44C2-B82C-C6B1AD2367BF}.Release|x64.ActiveCfg = Release|x64
		{A53510C9-5FC6-44C2-B82C-C6B1AD2367BF}.Release|x64.Build.0 = Release|x64
		{FF9C6464-7DA0-4235-BA95-35028E0B9C3B}.Debug DLL|Win32.ActiveCfg = Debug|Win32
		{FF9C6464-7DA0-4235-BA95-35028E0B9C3B}.Debug DLL|x64.ActiveCfg = Debug|x64
		{FF9C6464-7DA0-4235-BA95-35028E0B9C3B}.Debug DLL|x64.Build.0 = Debug|x64
		{FF9C6464-7DA0-4235-BA95-35028E0B9C3B}.Debug|Win32.ActiveCfg = Debug|Win32
		{FF9C6464-7DA0-4235-BA95-35028E0B9C3B}.Debug|Win32.Build.0 = Debug|Win32
		{FF9C6464-7DA0-4235-BA95-35028E0B9C3B}.Debug|x64.ActiveCfg = Debug|x64
		{FF9C6464-7DA0-4235-BA95-35028E0B9C3B}.Debug|x64.Build.0 = Debug|x64
		{FF9C6464-7DA0-4235-BA95-35028E0B9C3B}.Release DLL|Win32.ActiveCfg = Release|Win32
		{FF9C6464-7DA0-4235-BA95-35028E0B9C3B}.Release DLL|x64.ActiveCfg = Release|x64
		{FF9C6464-7DA0-4235-BA95-35028E0B9C3B}.Release DLL|x64.Build.0 = Release|x64
		{FF9C6464-7DA0-4235-BA95-35028E0B9C3B}.Release|Win32.ActiveCfg = Release|Win32
		{FF9C6464-7DA0-4235-BA95-35028E0B9C3B}.Release|Win32.Build.0 = Release|Win32
		{FF9C6464-7DA0-4235-BA95-35028E0B9C3B}.Release|x64.ActiveCfg = Release|x64
		{FF9C6464-7DA0-4235-BA95-35028E0B9C3B}.Release|x64.Build.0 = Release|x64
		{28EFAC5F-0CF0-484A-8F87-08C63EF145CD}.Debug DLL|Win32.ActiveCfg = Debug|Win32
		{28EFAC5F-0CF0-484A-8F87-08C63EF145CD}.Debug DLL|x64.ActiveCfg = Debug|x64
		{28EFAC5F-0CF0-484A-8F87-08C63EF145CD}.Debug DLL|x64.Build.0 = Debug|x64
		{28EFAC5F-0CF0-484A-8F87-08C63EF145CD}.Debug|Win32.ActiveCfg = Debug|Win32
		{28EFAC5F-0CF0-484A-8F87-08C63EF145CD}.Debug|Win32.Build.0 = Debug|Win32
		{28EFAC5F-0CF0-484A-8F87-08C63EF145CD}.Debug|x64.ActiveCfg = Debug|x64
		{28EFAC5F-0CF0-484A-8F87-08C63EF145CD}.Debug|x64.Build.0 = Debug|x64
		{28EFAC5F-0CF0-484A-8F87-08C63EF145CD}.Release DLL|Win32.ActiveCfg = Release|Win32
		{28EFAC5F-0CF0-484A-8F87-08C63EF145CD}.Release DLL|x64.ActiveCfg = Release|x64
		{28EFAC5F-0CF0-484A-8F87-08C63EF145CD}.Release DLL|x64.Build.0 = Release|x64
		{28EFAC5F-0CF0-484A-8F87-08C63EF145CD}.Release|Win32.ActiveCfg = Release|Win32
		{28EFAC5F-0CF0-484A-8F87-08C63EF145CD}.Release|Win32.Build.0 = Release|Win32
		{28EFAC5F-0CF0-484A-8F87-08C63EF145CD}.Release|x64.ActiveCfg = Release|x64
		{28EFAC5F-0CF0-484A-8F87-08C63EF145CD}.Release|x64.Build.0 = Release|x64
	EndGlobalSection
	GlobalSection(SolutionProperties) = preSolution
		HideSolutionNode = FALSE
	EndGlobalSection
	GlobalSection(NestedProjects) = preSolution
		{FB108CA8-CBA9-4CC3-8FC5-CB2BB5C224B3} = {743E804D-15B6-4584-8642-784BC9018C65}
		{F140411F-B2CB-4EC5-A5E3-A9C419160412} = {8BB01C8A-CE84-4AB3-9E36-3ECB73D26583}
		{C6FC8292-4113-4C96-837D-BEBECE663687} = {8BB01C8A-CE84-4AB3-9E36-3ECB73D26583}
		{0CDAD1E1-E475-4076-BFA8-185C81787A0D} = {8BB01C8A-CE84-4AB3-9E36-3ECB73D26583}
		{92847B71-11A1-44D4-9B1B-A40E10B61215} = {8BB01C8A-CE84-4AB3-9E36-3ECB73D26583}
		{EAE23203-F219-4D79-B873-B68F6BACCD09} = {C6FC8292-4113-4C96-837D-BEBECE663687}
		{2841F13C-07C5-429D-AA08-6E9629BA9772} = {C6FC8292-4113-4C96-837D-BEBECE663687}
		{E7D5F2E4-3F17-4D95-B1F1-3F7F2C81F5E3} = {C6FC8292-4113-4C96-837D-BEBECE663687}
		{706D3533-FC24-4C76-9729-68265223E1BF} = {C6FC8292-4113-4C96-837D-BEBECE663687}
		{079151F1-34C8-48F4-AF01-D34D473F1A49} = {92847B71-11A1-44D4-9B1B-A40E10B61215}
		{4E9548EE-C171-4F2D-BEB3-2097F07970BB} = {92847B71-11A1-44D4-9B1B-A40E10B61215}
		{1FB7AB1A-E703-43AB-8CA8-8DD13F0A47DF} = {92847B71-11A1-44D4-9B1B-A40E10B61215}
		{6A466EA1-A708-4935-8C85-D08AC484C748} = {92847B71-11A1-44D4-9B1B-A40E10B61215}
		{9653F02D-1B23-410B-AD8D-9BD1FF8C0F72} = {92847B71-11A1-44D4-9B1B-A40E10B61215}
		{4D40EC11-0AEB-4792-BBCE-BA11E50F3D1A} = {92847B71-11A1-44D4-9B1B-A40E10B61215}
		{0EFC7F4E-0184-48C1-91D1-25B107FD60F1} = {92847B71-11A1-44D4-9B1B-A40E10B61215}
		{7B79E579-7F07-4EF9-823C-7A030D23BDCD} = {92847B71-11A1-44D4-9B1B-A40E10B61215}
		{092D986F-B4BC-480B-850F-6B90CB244134} = {92847B71-11A1-44D4-9B1B-A40E10B61215}
		{D128FE7D-D440-4BD7-84DA-EABD1C8F242A} = {C6FC8292-4113-4C96-837D-BEBECE663687}
		{DE57C549-7FB6-4B48-8A63-FF94F7B969E6} = {C6FC8292-4113-4C96-837D-BEBECE663687}
		{E385FB5C-2EE1-46CC-9E09-AE1D24F48FF0} = {C6FC8292-4113-4C96-837D-BEBECE663687}
		{B9063325-F182-43D4-B72A-526D0F75F72C} = {0CDAD1E1-E475-4076-BFA8-185C81787A0D}
		{B24386F4-993D-4568-9064-9BE95BCFD5FE} = {0CDAD1E1-E475-4076-BFA8-185C81787A0D}
		{0B5B3441-6443-497D-A207-EB0DAEC43161} = {0CDAD1E1-E475-4076-BFA8-185C81787A0D}
		{68C7909A-B7E1-4C44-9633-958152ED6ACE} = {0CDAD1E1-E475-4076-BFA8-185C81787A0D}
		{1CD5A40B-D1F6-46DA-9915-65FC734CDF99} = {8BB01C8A-CE84-4AB3-9E36-3ECB73D26583}
		{BFDE2B4F-0D67-4446-A576-EC6DA956D075} = {1CD5A40B-D1F6-46DA-9915-65FC734CDF99}
		{88B2C909-5E42-460C-829D-55D99809520D} = {1CD5A40B-D1F6-46DA-9915-65FC734CDF99}
		{02982965-1D9C-4015-B96B-CF46B5DF78F9} = {1CD5A40B-D1F6-46DA-9915-65FC734CDF99}
		{B394BB08-9A91-4E4D-BBA6-C173B35FF7E1} = {1CD5A40B-D1F6-46DA-9915-65FC734CDF99}
		{8CF6C370-6A7A-4738-B950-675C00F8D1A5} = {1CD5A40B-D1F6-46DA-9915-65FC734CDF99}
		{B5FD3DEF-D5B8-4574-9DD2-2371FEFB9AF2} = {1CD5A40B-D1F6-46DA-9915-65FC734CDF99}
		{7FA49AC7-54D7-4909-822C-EF7475EF5B5B} = {1CD5A40B-D1F6-46DA-9915-65FC734CDF99}
		{CF19152A-79FC-4800-A56C-AFFB3F846672} = {1CD5A40B-D1F6-46DA-9915-65FC734CDF99}
		{538A1A04-513B-43E4-B7C7-8AABBA4E4916} = {1CD5A40B-D1F6-46DA-9915-65FC734CDF99}
		{6A836646-8259-47FD-8705-40F26B275E15} = {1CD5A40B-D1F6-46DA-9915-65FC734CDF99}
		{A53510C9-5FC6-44C2-B82C-C6B1AD2367BF} = {1CD5A40B-D1F6-46DA-9915-65FC734CDF99}
		{FF9C6464-7DA0-4235-BA95-35028E0B9C3B} = {1CD5A40B-D1F6-46DA-9915-65FC734CDF99}
		{28EFAC5F-0CF0-484A-8F87-08C63EF145CD} = {1CD5A40B-D1F6-46DA-9915-65FC734CDF99}
	EndGlobalSection
EndGlobal
